// !$*UTF8*$!
{
	archiveVersion = 1;
	classes = {
	};
	objectVersion = 56;
	objects = {

/* Begin PBXBuildFile section */
		2A49D3FA2A0378BF00AF14EB /* TrailingIconLabelStyle.swift in Sources */ = {isa = PBXBuildFile; fileRef = 2A49D3F92A0378BF00AF14EB /* TrailingIconLabelStyle.swift */; };
		2A49D4012A04C3FC00AF14EB /* ScrumsView.swift in Sources */ = {isa = PBXBuildFile; fileRef = 2A49D3FE2A04C3FC00AF14EB /* ScrumsView.swift */; };
		2A49D4022A04C3FC00AF14EB /* CardView.swift in Sources */ = {isa = PBXBuildFile; fileRef = 2A49D3FF2A04C3FC00AF14EB /* CardView.swift */; };
		2A49D4032A04C3FC00AF14EB /* MeetingView.swift in Sources */ = {isa = PBXBuildFile; fileRef = 2A49D4002A04C3FC00AF14EB /* MeetingView.swift */; };
		2AE85ACB2A0347FF00B1D5BF /* ScrumdingerApp.swift in Sources */ = {isa = PBXBuildFile; fileRef = 2AE85ACA2A0347FF00B1D5BF /* ScrumdingerApp.swift */; };
		2AE85ACF2A03480400B1D5BF /* Assets.xcassets in Resources */ = {isa = PBXBuildFile; fileRef = 2AE85ACE2A03480400B1D5BF /* Assets.xcassets */; };
		2AE85AD22A03480400B1D5BF /* Preview Assets.xcassets in Resources */ = {isa = PBXBuildFile; fileRef = 2AE85AD12A03480400B1D5BF /* Preview Assets.xcassets */; };
		2AE85ADC2A03480500B1D5BF /* ScrumdingerTests.swift in Sources */ = {isa = PBXBuildFile; fileRef = 2AE85ADB2A03480500B1D5BF /* ScrumdingerTests.swift */; };
		2AE85AE62A03480500B1D5BF /* ScrumdingerUITests.swift in Sources */ = {isa = PBXBuildFile; fileRef = 2AE85AE52A03480500B1D5BF /* ScrumdingerUITests.swift */; };
		2AE85AE82A03480500B1D5BF /* ScrumdingerUITestsLaunchTests.swift in Sources */ = {isa = PBXBuildFile; fileRef = 2AE85AE72A03480500B1D5BF /* ScrumdingerUITestsLaunchTests.swift */; };
		2AE85AF62A036D3500B1D5BF /* Theme.swift in Sources */ = {isa = PBXBuildFile; fileRef = 2AE85AF52A036D3400B1D5BF /* Theme.swift */; };
		2AE85AF82A036DFB00B1D5BF /* DailyScrum.swift in Sources */ = {isa = PBXBuildFile; fileRef = 2AE85AF72A036DFA00B1D5BF /* DailyScrum.swift */; };
/* End PBXBuildFile section */

/* Begin PBXContainerItemProxy section */
		2AE85AD82A03480500B1D5BF /* PBXContainerItemProxy */ = {
			isa = PBXContainerItemProxy;
			containerPortal = 2AE85ABF2A0347FF00B1D5BF /* Project object */;
			proxyType = 1;
			remoteGlobalIDString = 2AE85AC62A0347FF00B1D5BF;
			remoteInfo = Scrumdinger;
		};
		2AE85AE22A03480500B1D5BF /* PBXContainerItemProxy */ = {
			isa = PBXContainerItemProxy;
			containerPortal = 2AE85ABF2A0347FF00B1D5BF /* Project object */;
			proxyType = 1;
			remoteGlobalIDString = 2AE85AC62A0347FF00B1D5BF;
			remoteInfo = Scrumdinger;
		};
/* End PBXContainerItemProxy section */

/* Begin PBXFileReference section */
		2A49D3F92A0378BF00AF14EB /* TrailingIconLabelStyle.swift */ = {isa = PBXFileReference; lastKnownFileType = sourcecode.swift; path = TrailingIconLabelStyle.swift; sourceTree = "<group>"; };
		2A49D3FE2A04C3FC00AF14EB /* ScrumsView.swift */ = {isa = PBXFileReference; fileEncoding = 4; lastKnownFileType = sourcecode.swift; path = ScrumsView.swift; sourceTree = "<group>"; };
		2A49D3FF2A04C3FC00AF14EB /* CardView.swift */ = {isa = PBXFileReference; fileEncoding = 4; lastKnownFileType = sourcecode.swift; path = CardView.swift; sourceTree = "<group>"; };
		2A49D4002A04C3FC00AF14EB /* MeetingView.swift */ = {isa = PBXFileReference; fileEncoding = 4; lastKnownFileType = sourcecode.swift; path = MeetingView.swift; sourceTree = "<group>"; };
		2AE85AC72A0347FF00B1D5BF /* Scrumdinger.app */ = {isa = PBXFileReference; explicitFileType = wrapper.application; includeInIndex = 0; path = Scrumdinger.app; sourceTree = BUILT_PRODUCTS_DIR; };
		2AE85ACA2A0347FF00B1D5BF /* ScrumdingerApp.swift */ = {isa = PBXFileReference; lastKnownFileType = sourcecode.swift; path = ScrumdingerApp.swift; sourceTree = "<group>"; };
		2AE85ACE2A03480400B1D5BF /* Assets.xcassets */ = {isa = PBXFileReference; lastKnownFileType = folder.assetcatalog; path = Assets.xcassets; sourceTree = "<group>"; };
		2AE85AD12A03480400B1D5BF /* Preview Assets.xcassets */ = {isa = PBXFileReference; lastKnownFileType = folder.assetcatalog; path = "Preview Assets.xcassets"; sourceTree = "<group>"; };
		2AE85AD72A03480500B1D5BF /* ScrumdingerTests.xctest */ = {isa = PBXFileReference; explicitFileType = wrapper.cfbundle; includeInIndex = 0; path = ScrumdingerTests.xctest; sourceTree = BUILT_PRODUCTS_DIR; };
		2AE85ADB2A03480500B1D5BF /* ScrumdingerTests.swift */ = {isa = PBXFileReference; lastKnownFileType = sourcecode.swift; path = ScrumdingerTests.swift; sourceTree = "<group>"; };
		2AE85AE12A03480500B1D5BF /* ScrumdingerUITests.xctest */ = {isa = PBXFileReference; explicitFileType = wrapper.cfbundle; includeInIndex = 0; path = ScrumdingerUITests.xctest; sourceTree = BUILT_PRODUCTS_DIR; };
		2AE85AE52A03480500B1D5BF /* ScrumdingerUITests.swift */ = {isa = PBXFileReference; lastKnownFileType = sourcecode.swift; path = ScrumdingerUITests.swift; sourceTree = "<group>"; };
		2AE85AE72A03480500B1D5BF /* ScrumdingerUITestsLaunchTests.swift */ = {isa = PBXFileReference; lastKnownFileType = sourcecode.swift; path = ScrumdingerUITestsLaunchTests.swift; sourceTree = "<group>"; };
		2AE85AF52A036D3400B1D5BF /* Theme.swift */ = {isa = PBXFileReference; lastKnownFileType = sourcecode.swift; path = Theme.swift; sourceTree = "<group>"; };
		2AE85AF72A036DFA00B1D5BF /* DailyScrum.swift */ = {isa = PBXFileReference; lastKnownFileType = sourcecode.swift; path = DailyScrum.swift; sourceTree = "<group>"; };
/* End PBXFileReference section */

/* Begin PBXFrameworksBuildPhase section */
		2AE85AC42A0347FF00B1D5BF /* Frameworks */ = {
			isa = PBXFrameworksBuildPhase;
			buildActionMask = 2147483647;
			files = (
			);
			runOnlyForDeploymentPostprocessing = 0;
		};
		2AE85AD42A03480500B1D5BF /* Frameworks */ = {
			isa = PBXFrameworksBuildPhase;
			buildActionMask = 2147483647;
			files = (
			);
			runOnlyForDeploymentPostprocessing = 0;
		};
		2AE85ADE2A03480500B1D5BF /* Frameworks */ = {
			isa = PBXFrameworksBuildPhase;
			buildActionMask = 2147483647;
			files = (
			);
			runOnlyForDeploymentPostprocessing = 0;
		};
/* End PBXFrameworksBuildPhase section */

/* Begin PBXGroup section */
		2A49D3FD2A04C3BF00AF14EB /* Views */ = {
			isa = PBXGroup;
			children = (
				2A49D3FF2A04C3FC00AF14EB /* CardView.swift */,
				2A49D4002A04C3FC00AF14EB /* MeetingView.swift */,
				2A49D3FE2A04C3FC00AF14EB /* ScrumsView.swift */,
			);
			path = Views;
			sourceTree = "<group>";
		};
		2AE85ABE2A0347FF00B1D5BF = {
			isa = PBXGroup;
			children = (
				2AE85AC92A0347FF00B1D5BF /* Scrumdinger */,
				2AE85ADA2A03480500B1D5BF /* ScrumdingerTests */,
				2AE85AE42A03480500B1D5BF /* ScrumdingerUITests */,
				2AE85AC82A0347FF00B1D5BF /* Products */,
			);
			sourceTree = "<group>";
		};
		2AE85AC82A0347FF00B1D5BF /* Products */ = {
			isa = PBXGroup;
			children = (
				2AE85AC72A0347FF00B1D5BF /* Scrumdinger.app */,
				2AE85AD72A03480500B1D5BF /* ScrumdingerTests.xctest */,
				2AE85AE12A03480500B1D5BF /* ScrumdingerUITests.xctest */,
			);
			name = Products;
			sourceTree = "<group>";
		};
		2AE85AC92A0347FF00B1D5BF /* Scrumdinger */ = {
			isa = PBXGroup;
			children = (
				2A49D3FD2A04C3BF00AF14EB /* Views */,
				2AE85AF42A036D1600B1D5BF /* Models */,
				2AE85ACA2A0347FF00B1D5BF /* ScrumdingerApp.swift */,
				2A49D3F92A0378BF00AF14EB /* TrailingIconLabelStyle.swift */,
				2AE85ACE2A03480400B1D5BF /* Assets.xcassets */,
				2AE85AD02A03480400B1D5BF /* Preview Content */,
			);
			path = Scrumdinger;
			sourceTree = "<group>";
		};
		2AE85AD02A03480400B1D5BF /* Preview Content */ = {
			isa = PBXGroup;
			children = (
				2AE85AD12A03480400B1D5BF /* Preview Assets.xcassets */,
			);
			path = "Preview Content";
			sourceTree = "<group>";
		};
		2AE85ADA2A03480500B1D5BF /* ScrumdingerTests */ = {
			isa = PBXGroup;
			children = (
				2AE85ADB2A03480500B1D5BF /* ScrumdingerTests.swift */,
			);
			path = ScrumdingerTests;
			sourceTree = "<group>";
		};
		2AE85AE42A03480500B1D5BF /* ScrumdingerUITests */ = {
			isa = PBXGroup;
			children = (
				2AE85AE52A03480500B1D5BF /* ScrumdingerUITests.swift */,
				2AE85AE72A03480500B1D5BF /* ScrumdingerUITestsLaunchTests.swift */,
			);
			path = ScrumdingerUITests;
			sourceTree = "<group>";
		};
		2AE85AF42A036D1600B1D5BF /* Models */ = {
			isa = PBXGroup;
			children = (
				2AE85AF52A036D3400B1D5BF /* Theme.swift */,
				2AE85AF72A036DFA00B1D5BF /* DailyScrum.swift */,
			);
			path = Models;
			sourceTree = "<group>";
		};
/* End PBXGroup section */

/* Begin PBXNativeTarget section */
		2AE85AC62A0347FF00B1D5BF /* Scrumdinger */ = {
			isa = PBXNativeTarget;
			buildConfigurationList = 2AE85AEB2A03480500B1D5BF /* Build configuration list for PBXNativeTarget "Scrumdinger" */;
			buildPhases = (
				2AE85AC32A0347FF00B1D5BF /* Sources */,
				2AE85AC42A0347FF00B1D5BF /* Frameworks */,
				2AE85AC52A0347FF00B1D5BF /* Resources */,
			);
			buildRules = (
			);
			dependencies = (
			);
			name = Scrumdinger;
			productName = Scrumdinger;
			productReference = 2AE85AC72A0347FF00B1D5BF /* Scrumdinger.app */;
			productType = "com.apple.product-type.application";
		};
		2AE85AD62A03480500B1D5BF /* ScrumdingerTests */ = {
			isa = PBXNativeTarget;
			buildConfigurationList = 2AE85AEE2A03480500B1D5BF /* Build configuration list for PBXNativeTarget "ScrumdingerTests" */;
			buildPhases = (
				2AE85AD32A03480500B1D5BF /* Sources */,
				2AE85AD42A03480500B1D5BF /* Frameworks */,
				2AE85AD52A03480500B1D5BF /* Resources */,
			);
			buildRules = (
			);
			dependencies = (
				2AE85AD92A03480500B1D5BF /* PBXTargetDependency */,
			);
			name = ScrumdingerTests;
			productName = ScrumdingerTests;
			productReference = 2AE85AD72A03480500B1D5BF /* ScrumdingerTests.xctest */;
			productType = "com.apple.product-type.bundle.unit-test";
		};
		2AE85AE02A03480500B1D5BF /* ScrumdingerUITests */ = {
			isa = PBXNativeTarget;
			buildConfigurationList = 2AE85AF12A03480500B1D5BF /* Build configuration list for PBXNativeTarget "ScrumdingerUITests" */;
			buildPhases = (
				2AE85ADD2A03480500B1D5BF /* Sources */,
				2AE85ADE2A03480500B1D5BF /* Frameworks */,
				2AE85ADF2A03480500B1D5BF /* Resources */,
			);
			buildRules = (
			);
			dependencies = (
				2AE85AE32A03480500B1D5BF /* PBXTargetDependency */,
			);
			name = ScrumdingerUITests;
			productName = ScrumdingerUITests;
			productReference = 2AE85AE12A03480500B1D5BF /* ScrumdingerUITests.xctest */;
			productType = "com.apple.product-type.bundle.ui-testing";
		};
/* End PBXNativeTarget section */

/* Begin PBXProject section */
		2AE85ABF2A0347FF00B1D5BF /* Project object */ = {
			isa = PBXProject;
			attributes = {
				BuildIndependentTargetsInParallel = 1;
				LastSwiftUpdateCheck = 1430;
				LastUpgradeCheck = 1430;
				TargetAttributes = {
					2AE85AC62A0347FF00B1D5BF = {
						CreatedOnToolsVersion = 14.3;
					};
					2AE85AD62A03480500B1D5BF = {
						CreatedOnToolsVersion = 14.3;
						TestTargetID = 2AE85AC62A0347FF00B1D5BF;
					};
					2AE85AE02A03480500B1D5BF = {
						CreatedOnToolsVersion = 14.3;
						TestTargetID = 2AE85AC62A0347FF00B1D5BF;
					};
				};
			};
			buildConfigurationList = 2AE85AC22A0347FF00B1D5BF /* Build configuration list for PBXProject "Scrumdinger" */;
			compatibilityVersion = "Xcode 14.0";
			developmentRegion = en;
			hasScannedForEncodings = 0;
			knownRegions = (
				en,
				Base,
			);
			mainGroup = 2AE85ABE2A0347FF00B1D5BF;
			productRefGroup = 2AE85AC82A0347FF00B1D5BF /* Products */;
			projectDirPath = "";
			projectRoot = "";
			targets = (
				2AE85AC62A0347FF00B1D5BF /* Scrumdinger */,
				2AE85AD62A03480500B1D5BF /* ScrumdingerTests */,
				2AE85AE02A03480500B1D5BF /* ScrumdingerUITests */,
			);
		};
/* End PBXProject section */

/* Begin PBXResourcesBuildPhase section */
		2AE85AC52A0347FF00B1D5BF /* Resources */ = {
			isa = PBXResourcesBuildPhase;
			buildActionMask = 2147483647;
			files = (
				2AE85AD22A03480400B1D5BF /* Preview Assets.xcassets in Resources */,
				2AE85ACF2A03480400B1D5BF /* Assets.xcassets in Resources */,
			);
			runOnlyForDeploymentPostprocessing = 0;
		};
		2AE85AD52A03480500B1D5BF /* Resources */ = {
			isa = PBXResourcesBuildPhase;
			buildActionMask = 2147483647;
			files = (
			);
			runOnlyForDeploymentPostprocessing = 0;
		};
		2AE85ADF2A03480500B1D5BF /* Resources */ = {
			isa = PBXResourcesBuildPhase;
			buildActionMask = 2147483647;
			files = (
			);
			runOnlyForDeploymentPostprocessing = 0;
		};
/* End PBXResourcesBuildPhase section */

/* Begin PBXSourcesBuildPhase section */
		2AE85AC32A0347FF00B1D5BF /* Sources */ = {
			isa = PBXSourcesBuildPhase;
			buildActionMask = 2147483647;
			files = (
				2AE85AF82A036DFB00B1D5BF /* DailyScrum.swift in Sources */,
				2A49D4022A04C3FC00AF14EB /* CardView.swift in Sources */,
				2A49D4032A04C3FC00AF14EB /* MeetingView.swift in Sources */,
				2A49D3FA2A0378BF00AF14EB /* TrailingIconLabelStyle.swift in Sources */,
				2AE85AF62A036D3500B1D5BF /* Theme.swift in Sources */,
				2A49D4012A04C3FC00AF14EB /* ScrumsView.swift in Sources */,
				2AE85ACB2A0347FF00B1D5BF /* ScrumdingerApp.swift in Sources */,
			);
			runOnlyForDeploymentPostprocessing = 0;
		};
		2AE85AD32A03480500B1D5BF /* Sources */ = {
			isa = PBXSourcesBuildPhase;
			buildActionMask = 2147483647;
			files = (
				2AE85ADC2A03480500B1D5BF /* ScrumdingerTests.swift in Sources */,
			);
			runOnlyForDeploymentPostprocessing = 0;
		};
		2AE85ADD2A03480500B1D5BF /* Sources */ = {
			isa = PBXSourcesBuildPhase;
			buildActionMask = 2147483647;
			files = (
				2AE85AE82A03480500B1D5BF /* ScrumdingerUITestsLaunchTests.swift in Sources */,
				2AE85AE62A03480500B1D5BF /* ScrumdingerUITests.swift in Sources */,
			);
			runOnlyForDeploymentPostprocessing = 0;
		};
/* End PBXSourcesBuildPhase section */

/* Begin PBXTargetDependency section */
		2AE85AD92A03480500B1D5BF /* PBXTargetDependency */ = {
			isa = PBXTargetDependency;
			target = 2AE85AC62A0347FF00B1D5BF /* Scrumdinger */;
			targetProxy = 2AE85AD82A03480500B1D5BF /* PBXContainerItemProxy */;
		};
		2AE85AE32A03480500B1D5BF /* PBXTargetDependency */ = {
			isa = PBXTargetDependency;
			target = 2AE85AC62A0347FF00B1D5BF /* Scrumdinger */;
			targetProxy = 2AE85AE22A03480500B1D5BF /* PBXContainerItemProxy */;
		};
/* End PBXTargetDependency section */

/* Begin XCBuildConfiguration section */
		2AE85AE92A03480500B1D5BF /* Debug */ = {
			isa = XCBuildConfiguration;
			buildSettings = {
				ALWAYS_SEARCH_USER_PATHS = NO;
				CLANG_ANALYZER_NONNULL = YES;
				CLANG_ANALYZER_NUMBER_OBJECT_CONVERSION = YES_AGGRESSIVE;
				CLANG_CXX_LANGUAGE_STANDARD = "gnu++20";
				CLANG_ENABLE_MODULES = YES;
				CLANG_ENABLE_OBJC_ARC = YES;
				CLANG_ENABLE_OBJC_WEAK = YES;
				CLANG_WARN_BLOCK_CAPTURE_AUTORELEASING = YES;
				CLANG_WARN_BOOL_CONVERSION = YES;
				CLANG_WARN_COMMA = YES;
				CLANG_WARN_CONSTANT_CONVERSION = YES;
				CLANG_WARN_DEPRECATED_OBJC_IMPLEMENTATIONS = YES;
				CLANG_WARN_DIRECT_OBJC_ISA_USAGE = YES_ERROR;
				CLANG_WARN_DOCUMENTATION_COMMENTS = YES;
				CLANG_WARN_EMPTY_BODY = YES;
				CLANG_WARN_ENUM_CONVERSION = YES;
				CLANG_WARN_INFINITE_RECURSION = YES;
				CLANG_WARN_INT_CONVERSION = YES;
				CLANG_WARN_NON_LITERAL_NULL_CONVERSION = YES;
				CLANG_WARN_OBJC_IMPLICIT_RETAIN_SELF = YES;
				CLANG_WARN_OBJC_LITERAL_CONVERSION = YES;
				CLANG_WARN_OBJC_ROOT_CLASS = YES_ERROR;
				CLANG_WARN_QUOTED_INCLUDE_IN_FRAMEWORK_HEADER = YES;
				CLANG_WARN_RANGE_LOOP_ANALYSIS = YES;
				CLANG_WARN_STRICT_PROTOTYPES = YES;
				CLANG_WARN_SUSPICIOUS_MOVE = YES;
				CLANG_WARN_UNGUARDED_AVAILABILITY = YES_AGGRESSIVE;
				CLANG_WARN_UNREACHABLE_CODE = YES;
				CLANG_WARN__DUPLICATE_METHOD_MATCH = YES;
				COPY_PHASE_STRIP = NO;
				DEBUG_INFORMATION_FORMAT = dwarf;
				ENABLE_STRICT_OBJC_MSGSEND = YES;
				ENABLE_TESTABILITY = YES;
				GCC_C_LANGUAGE_STANDARD = gnu11;
				GCC_DYNAMIC_NO_PIC = NO;
				GCC_NO_COMMON_BLOCKS = YES;
				GCC_OPTIMIZATION_LEVEL = 0;
				GCC_PREPROCESSOR_DEFINITIONS = (
					"DEBUG=1",
					"$(inherited)",
				);
				GCC_WARN_64_TO_32_BIT_CONVERSION = YES;
				GCC_WARN_ABOUT_RETURN_TYPE = YES_ERROR;
				GCC_WARN_UNDECLARED_SELECTOR = YES;
				GCC_WARN_UNINITIALIZED_AUTOS = YES_AGGRESSIVE;
				GCC_WARN_UNUSED_FUNCTION = YES;
				GCC_WARN_UNUSED_VARIABLE = YES;
				IPHONEOS_DEPLOYMENT_TARGET = 16.4;
				MTL_ENABLE_DEBUG_INFO = INCLUDE_SOURCE;
				MTL_FAST_MATH = YES;
				ONLY_ACTIVE_ARCH = YES;
				SDKROOT = iphoneos;
				SWIFT_ACTIVE_COMPILATION_CONDITIONS = DEBUG;
				SWIFT_OPTIMIZATION_LEVEL = "-Onone";
			};
			name = Debug;
		};
		2AE85AEA2A03480500B1D5BF /* Release */ = {
			isa = XCBuildConfiguration;
			buildSettings = {
				ALWAYS_SEARCH_USER_PATHS = NO;
				CLANG_ANALYZER_NONNULL = YES;
				CLANG_ANALYZER_NUMBER_OBJECT_CONVERSION = YES_AGGRESSIVE;
				CLANG_CXX_LANGUAGE_STANDARD = "gnu++20";
				CLANG_ENABLE_MODULES = YES;
				CLANG_ENABLE_OBJC_ARC = YES;
				CLANG_ENABLE_OBJC_WEAK = YES;
				CLANG_WARN_BLOCK_CAPTURE_AUTORELEASING = YES;
				CLANG_WARN_BOOL_CONVERSION = YES;
				CLANG_WARN_COMMA = YES;
				CLANG_WARN_CONSTANT_CONVERSION = YES;
				CLANG_WARN_DEPRECATED_OBJC_IMPLEMENTATIONS = YES;
				CLANG_WARN_DIRECT_OBJC_ISA_USAGE = YES_ERROR;
				CLANG_WARN_DOCUMENTATION_COMMENTS = YES;
				CLANG_WARN_EMPTY_BODY = YES;
				CLANG_WARN_ENUM_CONVERSION = YES;
				CLANG_WARN_INFINITE_RECURSION = YES;
				CLANG_WARN_INT_CONVERSION = YES;
				CLANG_WARN_NON_LITERAL_NULL_CONVERSION = YES;
				CLANG_WARN_OBJC_IMPLICIT_RETAIN_SELF = YES;
				CLANG_WARN_OBJC_LITERAL_CONVERSION = YES;
				CLANG_WARN_OBJC_ROOT_CLASS = YES_ERROR;
				CLANG_WARN_QUOTED_INCLUDE_IN_FRAMEWORK_HEADER = YES;
				CLANG_WARN_RANGE_LOOP_ANALYSIS = YES;
				CLANG_WARN_STRICT_PROTOTYPES = YES;
				CLANG_WARN_SUSPICIOUS_MOVE = YES;
				CLANG_WARN_UNGUARDED_AVAILABILITY = YES_AGGRESSIVE;
				CLANG_WARN_UNREACHABLE_CODE = YES;
				CLANG_WARN__DUPLICATE_METHOD_MATCH = YES;
				COPY_PHASE_STRIP = NO;
				DEBUG_INFORMATION_FORMAT = "dwarf-with-dsym";
				ENABLE_NS_ASSERTIONS = NO;
				ENABLE_STRICT_OBJC_MSGSEND = YES;
				GCC_C_LANGUAGE_STANDARD = gnu11;
				GCC_NO_COMMON_BLOCKS = YES;
				GCC_WARN_64_TO_32_BIT_CONVERSION = YES;
				GCC_WARN_ABOUT_RETURN_TYPE = YES_ERROR;
				GCC_WARN_UNDECLARED_SELECTOR = YES;
				GCC_WARN_UNINITIALIZED_AUTOS = YES_AGGRESSIVE;
				GCC_WARN_UNUSED_FUNCTION = YES;
				GCC_WARN_UNUSED_VARIABLE = YES;
				IPHONEOS_DEPLOYMENT_TARGET = 16.4;
				MTL_ENABLE_DEBUG_INFO = NO;
				MTL_FAST_MATH = YES;
				SDKROOT = iphoneos;
				SWIFT_COMPILATION_MODE = wholemodule;
				SWIFT_OPTIMIZATION_LEVEL = "-O";
				VALIDATE_PRODUCT = YES;
			};
			name = Release;
		};
		2AE85AEC2A03480500B1D5BF /* Debug */ = {
			isa = XCBuildConfiguration;
			buildSettings = {
				ASSETCATALOG_COMPILER_APPICON_NAME = AppIcon;
				ASSETCATALOG_COMPILER_GLOBAL_ACCENT_COLOR_NAME = AccentColor;
				CODE_SIGN_STYLE = Automatic;
				CURRENT_PROJECT_VERSION = 1;
				DEVELOPMENT_ASSET_PATHS = "\"Scrumdinger/Preview Content\"";
				DEVELOPMENT_TEAM = D5BQ7U9WY9;
				ENABLE_PREVIEWS = YES;
				GENERATE_INFOPLIST_FILE = YES;
				INFOPLIST_KEY_UIApplicationSceneManifest_Generation = YES;
				INFOPLIST_KEY_UIApplicationSupportsIndirectInputEvents = YES;
				INFOPLIST_KEY_UILaunchScreen_Generation = YES;
				INFOPLIST_KEY_UISupportedInterfaceOrientations_iPad = "UIInterfaceOrientationPortrait UIInterfaceOrientationPortraitUpsideDown UIInterfaceOrientationLandscapeLeft UIInterfaceOrientationLandscapeRight";
				INFOPLIST_KEY_UISupportedInterfaceOrientations_iPhone = "UIInterfaceOrientationPortrait UIInterfaceOrientationLandscapeLeft UIInterfaceOrientationLandscapeRight";
				LD_RUNPATH_SEARCH_PATHS = (
					"$(inherited)",
					"@executable_path/Frameworks",
				);
				MARKETING_VERSION = 1.0;
				PRODUCT_BUNDLE_IDENTIFIER = com.q5industries.Scrumdinger;
				PRODUCT_NAME = "$(TARGET_NAME)";
				SWIFT_EMIT_LOC_STRINGS = YES;
				SWIFT_VERSION = 5.0;
				TARGETED_DEVICE_FAMILY = "1,2";
			};
			name = Debug;
		};
		2AE85AED2A03480500B1D5BF /* Release */ = {
			isa = XCBuildConfiguration;
			buildSettings = {
				ASSETCATALOG_COMPILER_APPICON_NAME = AppIcon;
				ASSETCATALOG_COMPILER_GLOBAL_ACCENT_COLOR_NAME = AccentColor;
				CODE_SIGN_STYLE = Automatic;
				CURRENT_PROJECT_VERSION = 1;
				DEVELOPMENT_ASSET_PATHS = "\"Scrumdinger/Preview Content\"";
				DEVELOPMENT_TEAM = D5BQ7U9WY9;
				ENABLE_PREVIEWS = YES;
				GENERATE_INFOPLIST_FILE = YES;
				INFOPLIST_KEY_UIApplicationSceneManifest_Generation = YES;
				INFOPLIST_KEY_UIApplicationSupportsIndirectInputEvents = YES;
				INFOPLIST_KEY_UILaunchScreen_Generation = YES;
				INFOPLIST_KEY_UISupportedInterfaceOrientations_iPad = "UIInterfaceOrientationPortrait UIInterfaceOrientationPortraitUpsideDown UIInterfaceOrientationLandscapeLeft UIInterfaceOrientationLandscapeRight";
				INFOPLIST_KEY_UISupportedInterfaceOrientations_iPhone = "UIInterfaceOrientationPortrait UIInterfaceOrientationLandscapeLeft UIInterfaceOrientationLandscapeRight";
				LD_RUNPATH_SEARCH_PATHS = (
					"$(inherited)",
					"@executable_path/Frameworks",
				);
				MARKETING_VERSION = 1.0;
				PRODUCT_BUNDLE_IDENTIFIER = com.q5industries.Scrumdinger;
				PRODUCT_NAME = "$(TARGET_NAME)";
				SWIFT_EMIT_LOC_STRINGS = YES;
				SWIFT_VERSION = 5.0;
				TARGETED_DEVICE_FAMILY = "1,2";
			};
			name = Release;
		};
		2AE85AEF2A03480500B1D5BF /* Debug */ = {
			isa = XCBuildConfiguration;
			buildSettings = {
				ALWAYS_EMBED_SWIFT_STANDARD_LIBRARIES = YES;
				BUNDLE_LOADER = "$(TEST_HOST)";
				CODE_SIGN_STYLE = Automatic;
				CURRENT_PROJECT_VERSION = 1;
				GENERATE_INFOPLIST_FILE = YES;
				IPHONEOS_DEPLOYMENT_TARGET = 16.4;
				MARKETING_VERSION = 1.0;
				PRODUCT_BUNDLE_IDENTIFIER = com.example.ScrumdingerTests;
				PRODUCT_NAME = "$(TARGET_NAME)";
				SWIFT_EMIT_LOC_STRINGS = NO;
				SWIFT_VERSION = 5.0;
				TARGETED_DEVICE_FAMILY = "1,2";
				TEST_HOST = "$(BUILT_PRODUCTS_DIR)/Scrumdinger.app/$(BUNDLE_EXECUTABLE_FOLDER_PATH)/Scrumdinger";
			};
			name = Debug;
		};
		2AE85AF02A03480500B1D5BF /* Release */ = {
			isa = XCBuildConfiguration;
			buildSettings = {
				ALWAYS_EMBED_SWIFT_STANDARD_LIBRARIES = YES;
				BUNDLE_LOADER = "$(TEST_HOST)";
				CODE_SIGN_STYLE = Automatic;
				CURRENT_PROJECT_VERSION = 1;
				GENERATE_INFOPLIST_FILE = YES;
				IPHONEOS_DEPLOYMENT_TARGET = 16.4;
				MARKETING_VERSION = 1.0;
				PRODUCT_BUNDLE_IDENTIFIER = com.example.ScrumdingerTests;
				PRODUCT_NAME = "$(TARGET_NAME)";
				SWIFT_EMIT_LOC_STRINGS = NO;
				SWIFT_VERSION = 5.0;
				TARGETED_DEVICE_FAMILY = "1,2";
				TEST_HOST = "$(BUILT_PRODUCTS_DIR)/Scrumdinger.app/$(BUNDLE_EXECUTABLE_FOLDER_PATH)/Scrumdinger";
			};
			name = Release;
		};
		2AE85AF22A03480500B1D5BF /* Debug */ = {
			isa = XCBuildConfiguration;
			buildSettings = {
				ALWAYS_EMBED_SWIFT_STANDARD_LIBRARIES = YES;
				CODE_SIGN_STYLE = Automatic;
				CURRENT_PROJECT_VERSION = 1;
				GENERATE_INFOPLIST_FILE = YES;
				MARKETING_VERSION = 1.0;
				PRODUCT_BUNDLE_IDENTIFIER = com.example.ScrumdingerUITests;
				PRODUCT_NAME = "$(TARGET_NAME)";
				SWIFT_EMIT_LOC_STRINGS = NO;
				SWIFT_VERSION = 5.0;
				TARGETED_DEVICE_FAMILY = "1,2";
				TEST_TARGET_NAME = Scrumdinger;
			};
			name = Debug;
		};
		2AE85AF32A03480500B1D5BF /* Release */ = {
			isa = XCBuildConfiguration;
			buildSettings = {
				ALWAYS_EMBED_SWIFT_STANDARD_LIBRARIES = YES;
				CODE_SIGN_STYLE = Automatic;
				CURRENT_PROJECT_VERSION = 1;
				GENERATE_INFOPLIST_FILE = YES;
				MARKETING_VERSION = 1.0;
				PRODUCT_BUNDLE_IDENTIFIER = com.example.ScrumdingerUITests;
				PRODUCT_NAME = "$(TARGET_NAME)";
				SWIFT_EMIT_LOC_STRINGS = NO;
				SWIFT_VERSION = 5.0;
				TARGETED_DEVICE_FAMILY = "1,2";
				TEST_TARGET_NAME = Scrumdinger;
			};
			name = Release;
		};
/* End XCBuildConfiguration section */

/* Begin XCConfigurationList section */
		2AE85AC22A0347FF00B1D5BF /* Build configuration list for PBXProject "Scrumdinger" */ = {
			isa = XCConfigurationList;
			buildConfigurations = (
				2AE85AE92A03480500B1D5BF /* Debug */,
				2AE85AEA2A03480500B1D5BF /* Release */,
			);
			defaultConfigurationIsVisible = 0;
			defaultConfigurationName = Release;
		};
		2AE85AEB2A03480500B1D5BF /* Build configuration list for PBXNativeTarget "Scrumdinger" */ = {
			isa = XCConfigurationList;
			buildConfigurations = (
				2AE85AEC2A03480500B1D5BF /* Debug */,
				2AE85AED2A03480500B1D5BF /* Release */,
			);
			defaultConfigurationIsVisible = 0;
			defaultConfigurationName = Release;
		};
		2AE85AEE2A03480500B1D5BF /* Build configuration list for PBXNativeTarget "ScrumdingerTests" */ = {
			isa = XCConfigurationList;
			buildConfigurations = (
				2AE85AEF2A03480500B1D5BF /* Debug */,
				2AE85AF02A03480500B1D5BF /* Release */,
			);
			defaultConfigurationIsVisible = 0;
			defaultConfigurationName = Release;
		};
		2AE85AF12A03480500B1D5BF /* Build configuration list for PBXNativeTarget "ScrumdingerUITests" */ = {
			isa = XCConfigurationList;
			buildConfigurations = (
				2AE85AF22A03480500B1D5BF /* Debug */,
				2AE85AF32A03480500B1D5BF /* Release */,
			);
			defaultConfigurationIsVisible = 0;
			defaultConfigurationName = Release;
		};
/* End XCConfigurationList section */
	};
	rootObject = 2AE85ABF2A0347FF00B1D5BF /* Project object */;
}
